
Microsoft Visual Studio Solution File, Format Version 12.00
# Visual Studio 15
VisualStudioVersion = 15.0.27703.2000
MinimumVisualStudioVersion = 10.0.40219.1
Project("{FAE04EC0-301F-11D3-BF4B-00C04F79EFBC}") = "Cafe7.Ui", "Cafe7.Ui\Cafe7.Ui.csproj", "{A073B72A-F020-4F7C-8B36-A1D915846EA5}"
EndProject
Project("{2150E333-8FDC-42A3-9474-1A3956D46DE8}") = "01.Ui", "01.Ui", "{7092003F-4BD7-454A-90DB-8CB01C793F65}"
EndProject
Project("{2150E333-8FDC-42A3-9474-1A3956D46DE8}") = "02.Service", "02.Service", "{79E1E7C1-E53A-478D-9B84-B4FFE7C1935A}"
EndProject
Project("{2150E333-8FDC-42A3-9474-1A3956D46DE8}") = "04.Infrastructure", "04.Infrastructure", "{6D3482B5-7B32-4CBC-9B04-894C2B43E4CC}"
EndProject
Project("{2150E333-8FDC-42A3-9474-1A3956D46DE8}") = "03.Model", "03.Model", "{1696DA29-49AA-4FAD-8649-22C8449BE6E4}"
EndProject
Project("{FAE04EC0-301F-11D3-BF4B-00C04F79EFBC}") = "Cafe7.Model", "Cafe7.Model\Cafe7.Model.csproj", "{03D9F162-0F35-4109-B91B-CF6763AD1029}"
EndProject
Project("{FAE04EC0-301F-11D3-BF4B-00C04F79EFBC}") = "Cafe7.Infrastructure", "Cafe7.Infrastructure\Cafe7.Infrastructure.csproj", "{EF68D3B1-0145-412B-9070-029B7CEDC238}"
EndProject
Project("{FAE04EC0-301F-11D3-BF4B-00C04F79EFBC}") = "Cafe7.Service", "Cafe7.Service\Cafe7.Service.csproj", "{313EEBA0-E36A-4D59-90F1-CFE5F77F0644}"
EndProject
Project("{2150E333-8FDC-42A3-9474-1A3956D46DE8}") = "5.Mobile", "5.Mobile", "{B0C87035-8BC7-4AC6-B9B9-C90A4E8CF38A}"
EndProject
Project("{2150E333-8FDC-42A3-9474-1A3956D46DE8}") = "Android.Ui", "Android.Ui", "{4669FBA8-579C-4447-8897-FB020B5799E2}"
EndProject
Project("{2150E333-8FDC-42A3-9474-1A3956D46DE8}") = "Android.Core", "Android.Core", "{764A13C2-BB92-4C70-A08B-2E63698F5DBD}"
EndProject
Project("{FAE04EC0-301F-11D3-BF4B-00C04F79EFBC}") = "CafeAndroid.Service", "CafeAndroid.Service\CafeAndroid.Service.csproj", "{181C0561-7A59-44C0-B5A7-098CEDBE9578}"
EndProject
Global
	GlobalSection(SolutionConfigurationPlatforms) = preSolution
		Debug|Any CPU = Debug|Any CPU
		Release|Any CPU = Release|Any CPU
	EndGlobalSection
	GlobalSection(ProjectConfigurationPlatforms) = postSolution
		{A073B72A-F020-4F7C-8B36-A1D915846EA5}.Debug|Any CPU.ActiveCfg = Debug|Any CPU
		{A073B72A-F020-4F7C-8B36-A1D915846EA5}.Debug|Any CPU.Build.0 = Debug|Any CPU
		{A073B72A-F020-4F7C-8B36-A1D915846EA5}.Release|Any CPU.ActiveCfg = Release|Any CPU
		{A073B72A-F020-4F7C-8B36-A1D915846EA5}.Release|Any CPU.Build.0 = Release|Any CPU
		{03D9F162-0F35-4109-B91B-CF6763AD1029}.Debug|Any CPU.ActiveCfg = Debug|Any CPU
		{03D9F162-0F35-4109-B91B-CF6763AD1029}.Debug|Any CPU.Build.0 = Debug|Any CPU
		{03D9F162-0F35-4109-B91B-CF6763AD1029}.Release|Any CPU.ActiveCfg = Release|Any CPU
		{03D9F162-0F35-4109-B91B-CF6763AD1029}.Release|Any CPU.Build.0 = Release|Any CPU
		{EF68D3B1-0145-412B-9070-029B7CEDC238}.Debug|Any CPU.ActiveCfg = Debug|Any CPU
		{EF68D3B1-0145-412B-9070-029B7CEDC238}.Debug|Any CPU.Build.0 = Debug|Any CPU
		{EF68D3B1-0145-412B-9070-029B7CEDC238}.Release|Any CPU.ActiveCfg = Release|Any CPU
		{EF68D3B1-0145-412B-9070-029B7CEDC238}.Release|Any CPU.Build.0 = Release|Any CPU
		{313EEBA0-E36A-4D59-90F1-CFE5F77F0644}.Debug|Any CPU.ActiveCfg = Debug|Any CPU
		{313EEBA0-E36A-4D59-90F1-CFE5F77F0644}.Debug|Any CPU.Build.0 = Debug|Any CPU
		{313EEBA0-E36A-4D59-90F1-CFE5F77F0644}.Release|Any CPU.ActiveCfg = Release|Any CPU
		{313EEBA0-E36A-4D59-90F1-CFE5F77F0644}.Release|Any CPU.Build.0 = Release|Any CPU
		{181C0561-7A59-44C0-B5A7-098CEDBE9578}.Debug|Any CPU.ActiveCfg = Debug|Any CPU
		{181C0561-7A59-44C0-B5A7-098CEDBE9578}.Debug|Any CPU.Build.0 = Debug|Any CPU
		{181C0561-7A59-44C0-B5A7-098CEDBE9578}.Release|Any CPU.ActiveCfg = Release|Any CPU
		{181C0561-7A59-44C0-B5A7-098CEDBE9578}.Release|Any CPU.Build.0 = Release|Any CPU
	EndGlobalSection
	GlobalSection(SolutionProperties) = preSolution
		HideSolutionNode = FALSE
	EndGlobalSection
	GlobalSection(NestedProjects) = preSolution
		{A073B72A-F020-4F7C-8B36-A1D915846EA5} = {7092003F-4BD7-454A-90DB-8CB01C793F65}
		{03D9F162-0F35-4109-B91B-CF6763AD1029} = {1696DA29-49AA-4FAD-8649-22C8449BE6E4}
		{EF68D3B1-0145-412B-9070-029B7CEDC238} = {6D3482B5-7B32-4CBC-9B04-894C2B43E4CC}
		{313EEBA0-E36A-4D59-90F1-CFE5F77F0644} = {79E1E7C1-E53A-478D-9B84-B4FFE7C1935A}
		{4669FBA8-579C-4447-8897-FB020B5799E2} = {B0C87035-8BC7-4AC6-B9B9-C90A4E8CF38A}
		{764A13C2-BB92-4C70-A08B-2E63698F5DBD} = {B0C87035-8BC7-4AC6-B9B9-C90A4E8CF38A}
		{181C0561-7A59-44C0-B5A7-098CEDBE9578} = {764A13C2-BB92-4C70-A08B-2E63698F5DBD}
	EndGlobalSection
	GlobalSection(ExtensibilityGlobals) = postSolution
		SolutionGuid = {B5EA9A53-CD0E-43E6-9034-3EE5912CFD50}
	EndGlobalSection
EndGlobal
